// !$*UTF8*$!
{
	archiveVersion = 1;
	classes = {
	};
	objectVersion = 51;
	objects = {

/* Begin PBXBuildFile section */
		3EE1DE73073035978E7CB369 /* Pods_Evmo_EvmoUITests.framework in Frameworks */ = {isa = PBXBuildFile; fileRef = DA2D747AC813B237B1EFB3E8 /* Pods_Evmo_EvmoUITests.framework */; };
		7EECAE9C5EE65B3E11CFCBF7 /* Pods_Evmo.framework in Frameworks */ = {isa = PBXBuildFile; fileRef = 42A2E8DDA5AC1E7C630D7DD4 /* Pods_Evmo.framework */; };
		850CBBD725F55FD30062A550 /* UseCaseProvider.swift in Sources */ = {isa = PBXBuildFile; fileRef = 850CBBD625F55FD30062A550 /* UseCaseProvider.swift */; };
		850CBBDC25F55FE80062A550 /* AuthUseCase.swift in Sources */ = {isa = PBXBuildFile; fileRef = 850CBBDB25F55FE80062A550 /* AuthUseCase.swift */; };
		850CBBE525F561010062A550 /* UseCaseProviderImpl.swift in Sources */ = {isa = PBXBuildFile; fileRef = 850CBBE425F561010062A550 /* UseCaseProviderImpl.swift */; };
		850CBBED25F5611D0062A550 /* AuthUseCaseImpl.swift in Sources */ = {isa = PBXBuildFile; fileRef = 850CBBEC25F5611D0062A550 /* AuthUseCaseImpl.swift */; };
		850CBBF225F5679F0062A550 /* Navigator.swift in Sources */ = {isa = PBXBuildFile; fileRef = 850CBBF125F5679F0062A550 /* Navigator.swift */; };
		85263C7E25D48C520011743F /* AppDelegate.swift in Sources */ = {isa = PBXBuildFile; fileRef = 85263C7D25D48C520011743F /* AppDelegate.swift */; };
		85263C8025D48C520011743F /* SceneDelegate.swift in Sources */ = {isa = PBXBuildFile; fileRef = 85263C7F25D48C520011743F /* SceneDelegate.swift */; };
		85263C8725D48C550011743F /* Assets.xcassets in Resources */ = {isa = PBXBuildFile; fileRef = 85263C8625D48C550011743F /* Assets.xcassets */; };
		85263C8A25D48C550011743F /* LaunchScreen.storyboard in Resources */ = {isa = PBXBuildFile; fileRef = 85263C8825D48C550011743F /* LaunchScreen.storyboard */; };
		85263C9525D48C550011743F /* EvmoTests.swift in Sources */ = {isa = PBXBuildFile; fileRef = 85263C9425D48C550011743F /* EvmoTests.swift */; };
		85263CA025D48C550011743F /* EvmoUITests.swift in Sources */ = {isa = PBXBuildFile; fileRef = 85263C9F25D48C550011743F /* EvmoUITests.swift */; };
		8571487325F22E1E00ADCABC /* LibsManager.swift in Sources */ = {isa = PBXBuildFile; fileRef = 8571487225F22E1E00ADCABC /* LibsManager.swift */; };
		8571488325F2348C00ADCABC /* LogManager.swift in Sources */ = {isa = PBXBuildFile; fileRef = 8571488225F2348C00ADCABC /* LogManager.swift */; };
		857148AF25F248DE00ADCABC /* Application.swift in Sources */ = {isa = PBXBuildFile; fileRef = 857148AE25F248DE00ADCABC /* Application.swift */; };
		857148C325F2527600ADCABC /* User.swift in Sources */ = {isa = PBXBuildFile; fileRef = 857148C225F2527600ADCABC /* User.swift */; };
		857148FD25F280CD00ADCABC /* SessionManager.swift in Sources */ = {isa = PBXBuildFile; fileRef = 857148FC25F280CD00ADCABC /* SessionManager.swift */; };
		8571490425F281F500ADCABC /* Optional+NotNil.swift in Sources */ = {isa = PBXBuildFile; fileRef = 8571490325F281F500ADCABC /* Optional+NotNil.swift */; };
		8571490C25F2832900ADCABC /* AuthRepository.swift in Sources */ = {isa = PBXBuildFile; fileRef = 8571490B25F2832900ADCABC /* AuthRepository.swift */; };
		857DC8C725F7DCC30056FBD1 /* NavigationController.swift in Sources */ = {isa = PBXBuildFile; fileRef = 857DC8C625F7DCC30056FBD1 /* NavigationController.swift */; };
		857DC8CB25F7DDC60056FBD1 /* AppViewModel.swift in Sources */ = {isa = PBXBuildFile; fileRef = 857DC8CA25F7DDC60056FBD1 /* AppViewModel.swift */; };
		857DC8CF25F7E1470056FBD1 /* ObsarvableType+.swift in Sources */ = {isa = PBXBuildFile; fileRef = 857DC8CE25F7E1470056FBD1 /* ObsarvableType+.swift */; };
		85AC482325F65E3C00E17326 /* SignInViewController.swift in Sources */ = {isa = PBXBuildFile; fileRef = 85AC482225F65E3C00E17326 /* SignInViewController.swift */; };
		85AC482825F65E4A00E17326 /* SignInViewModel.swift in Sources */ = {isa = PBXBuildFile; fileRef = 85AC482725F65E4A00E17326 /* SignInViewModel.swift */; };
		85AC482E25F65E8500E17326 /* ViewController.swift in Sources */ = {isa = PBXBuildFile; fileRef = 85AC482D25F65E8500E17326 /* ViewController.swift */; };
		85AC483325F65FAD00E17326 /* ViewModel.swift in Sources */ = {isa = PBXBuildFile; fileRef = 85AC483225F65FAD00E17326 /* ViewModel.swift */; };
		85AC483825F661C600E17326 /* SignInView.swift in Sources */ = {isa = PBXBuildFile; fileRef = 85AC483725F661C600E17326 /* SignInView.swift */; };
		85AC484225F661EE00E17326 /* NiblessNavigationController.swift in Sources */ = {isa = PBXBuildFile; fileRef = 85AC483E25F661EE00E17326 /* NiblessNavigationController.swift */; };
		85AC484325F661EE00E17326 /* View.swift in Sources */ = {isa = PBXBuildFile; fileRef = 85AC483F25F661EE00E17326 /* View.swift */; };
		85AC484425F661EE00E17326 /* NiblessPageViewController.swift in Sources */ = {isa = PBXBuildFile; fileRef = 85AC484025F661EE00E17326 /* NiblessPageViewController.swift */; };
		85B1087925F7EFD4007C1E43 /* View+.swift in Sources */ = {isa = PBXBuildFile; fileRef = 85B1087825F7EFD4007C1E43 /* View+.swift */; };
		85B1087E25F7F0A7007C1E43 /* Viewable.swift in Sources */ = {isa = PBXBuildFile; fileRef = 85B1087D25F7F0A7007C1E43 /* Viewable.swift */; };
		85B1088925F7F290007C1E43 /* Dimension.swift in Sources */ = {isa = PBXBuildFile; fileRef = 85B1088825F7F290007C1E43 /* Dimension.swift */; };
		93011AA936DADB0C10596CA0 /* Pods_EvmoTests.framework in Frameworks */ = {isa = PBXBuildFile; fileRef = 6CEBA57603466A3C054DB389 /* Pods_EvmoTests.framework */; };
/* End PBXBuildFile section */

/* Begin PBXContainerItemProxy section */
		85263C9125D48C550011743F /* PBXContainerItemProxy */ = {
			isa = PBXContainerItemProxy;
			containerPortal = 85263C7225D48C520011743F /* Project object */;
			proxyType = 1;
			remoteGlobalIDString = 85263C7925D48C520011743F;
			remoteInfo = Evmo;
		};
		85263C9C25D48C550011743F /* PBXContainerItemProxy */ = {
			isa = PBXContainerItemProxy;
			containerPortal = 85263C7225D48C520011743F /* Project object */;
			proxyType = 1;
			remoteGlobalIDString = 85263C7925D48C520011743F;
			remoteInfo = Evmo;
		};
/* End PBXContainerItemProxy section */

/* Begin PBXCopyFilesBuildPhase section */
		857DC8C325F7DBC80056FBD1 /* Embed Frameworks */ = {
			isa = PBXCopyFilesBuildPhase;
			buildActionMask = 2147483647;
			dstPath = "";
			dstSubfolderSpec = 10;
			files = (
			);
			name = "Embed Frameworks";
			runOnlyForDeploymentPostprocessing = 0;
		};
/* End PBXCopyFilesBuildPhase section */

/* Begin PBXFileReference section */
		008D9B6B65BCA8AE8630EE04 /* Pods-Evmo.debug.xcconfig */ = {isa = PBXFileReference; includeInIndex = 1; lastKnownFileType = text.xcconfig; name = "Pods-Evmo.debug.xcconfig"; path = "Target Support Files/Pods-Evmo/Pods-Evmo.debug.xcconfig"; sourceTree = "<group>"; };
		16711D53AF51EB1ECF39C20A /* Pods-Evmo.release.xcconfig */ = {isa = PBXFileReference; includeInIndex = 1; lastKnownFileType = text.xcconfig; name = "Pods-Evmo.release.xcconfig"; path = "Target Support Files/Pods-Evmo/Pods-Evmo.release.xcconfig"; sourceTree = "<group>"; };
		42A2E8DDA5AC1E7C630D7DD4 /* Pods_Evmo.framework */ = {isa = PBXFileReference; explicitFileType = wrapper.framework; includeInIndex = 0; path = Pods_Evmo.framework; sourceTree = BUILT_PRODUCTS_DIR; };
		6B3DF595E186E4D2B5325398 /* Pods-EvmoTests.debug.xcconfig */ = {isa = PBXFileReference; includeInIndex = 1; lastKnownFileType = text.xcconfig; name = "Pods-EvmoTests.debug.xcconfig"; path = "Target Support Files/Pods-EvmoTests/Pods-EvmoTests.debug.xcconfig"; sourceTree = "<group>"; };
		6CEBA57603466A3C054DB389 /* Pods_EvmoTests.framework */ = {isa = PBXFileReference; explicitFileType = wrapper.framework; includeInIndex = 0; path = Pods_EvmoTests.framework; sourceTree = BUILT_PRODUCTS_DIR; };
		7931D105C93B0466A84B1412 /* Pods-EvmoTests.release.xcconfig */ = {isa = PBXFileReference; includeInIndex = 1; lastKnownFileType = text.xcconfig; name = "Pods-EvmoTests.release.xcconfig"; path = "Target Support Files/Pods-EvmoTests/Pods-EvmoTests.release.xcconfig"; sourceTree = "<group>"; };
		850CBBD625F55FD30062A550 /* UseCaseProvider.swift */ = {isa = PBXFileReference; lastKnownFileType = sourcecode.swift; path = UseCaseProvider.swift; sourceTree = "<group>"; };
		850CBBDB25F55FE80062A550 /* AuthUseCase.swift */ = {isa = PBXFileReference; lastKnownFileType = sourcecode.swift; path = AuthUseCase.swift; sourceTree = "<group>"; };
		850CBBE425F561010062A550 /* UseCaseProviderImpl.swift */ = {isa = PBXFileReference; lastKnownFileType = sourcecode.swift; path = UseCaseProviderImpl.swift; sourceTree = "<group>"; };
		850CBBEC25F5611D0062A550 /* AuthUseCaseImpl.swift */ = {isa = PBXFileReference; lastKnownFileType = sourcecode.swift; path = AuthUseCaseImpl.swift; sourceTree = "<group>"; };
		850CBBF125F5679F0062A550 /* Navigator.swift */ = {isa = PBXFileReference; lastKnownFileType = sourcecode.swift; path = Navigator.swift; sourceTree = "<group>"; };
		85263C7A25D48C520011743F /* Evmo.app */ = {isa = PBXFileReference; explicitFileType = wrapper.application; includeInIndex = 0; path = Evmo.app; sourceTree = BUILT_PRODUCTS_DIR; };
		85263C7D25D48C520011743F /* AppDelegate.swift */ = {isa = PBXFileReference; lastKnownFileType = sourcecode.swift; path = AppDelegate.swift; sourceTree = "<group>"; };
		85263C7F25D48C520011743F /* SceneDelegate.swift */ = {isa = PBXFileReference; lastKnownFileType = sourcecode.swift; path = SceneDelegate.swift; sourceTree = "<group>"; };
		85263C8625D48C550011743F /* Assets.xcassets */ = {isa = PBXFileReference; lastKnownFileType = folder.assetcatalog; path = Assets.xcassets; sourceTree = "<group>"; };
		85263C8925D48C550011743F /* Base */ = {isa = PBXFileReference; lastKnownFileType = file.storyboard; name = Base; path = Base.lproj/LaunchScreen.storyboard; sourceTree = "<group>"; };
		85263C8B25D48C550011743F /* Info.plist */ = {isa = PBXFileReference; lastKnownFileType = text.plist.xml; path = Info.plist; sourceTree = "<group>"; };
		85263C9025D48C550011743F /* EvmoTests.xctest */ = {isa = PBXFileReference; explicitFileType = wrapper.cfbundle; includeInIndex = 0; path = EvmoTests.xctest; sourceTree = BUILT_PRODUCTS_DIR; };
		85263C9425D48C550011743F /* EvmoTests.swift */ = {isa = PBXFileReference; lastKnownFileType = sourcecode.swift; path = EvmoTests.swift; sourceTree = "<group>"; };
		85263C9625D48C550011743F /* Info.plist */ = {isa = PBXFileReference; lastKnownFileType = text.plist.xml; path = Info.plist; sourceTree = "<group>"; };
		85263C9B25D48C550011743F /* EvmoUITests.xctest */ = {isa = PBXFileReference; explicitFileType = wrapper.cfbundle; includeInIndex = 0; path = EvmoUITests.xctest; sourceTree = BUILT_PRODUCTS_DIR; };
		85263C9F25D48C550011743F /* EvmoUITests.swift */ = {isa = PBXFileReference; lastKnownFileType = sourcecode.swift; path = EvmoUITests.swift; sourceTree = "<group>"; };
		85263CA125D48C550011743F /* Info.plist */ = {isa = PBXFileReference; lastKnownFileType = text.plist.xml; path = Info.plist; sourceTree = "<group>"; };
		8571487225F22E1E00ADCABC /* LibsManager.swift */ = {isa = PBXFileReference; lastKnownFileType = sourcecode.swift; path = LibsManager.swift; sourceTree = "<group>"; };
		8571488225F2348C00ADCABC /* LogManager.swift */ = {isa = PBXFileReference; lastKnownFileType = sourcecode.swift; path = LogManager.swift; sourceTree = "<group>"; };
		857148AE25F248DE00ADCABC /* Application.swift */ = {isa = PBXFileReference; lastKnownFileType = sourcecode.swift; path = Application.swift; sourceTree = "<group>"; };
		857148C225F2527600ADCABC /* User.swift */ = {isa = PBXFileReference; lastKnownFileType = sourcecode.swift; path = User.swift; sourceTree = "<group>"; };
		857148FC25F280CD00ADCABC /* SessionManager.swift */ = {isa = PBXFileReference; lastKnownFileType = sourcecode.swift; path = SessionManager.swift; sourceTree = "<group>"; };
		8571490325F281F500ADCABC /* Optional+NotNil.swift */ = {isa = PBXFileReference; lastKnownFileType = sourcecode.swift; path = "Optional+NotNil.swift"; sourceTree = "<group>"; };
		8571490B25F2832900ADCABC /* AuthRepository.swift */ = {isa = PBXFileReference; lastKnownFileType = sourcecode.swift; path = AuthRepository.swift; sourceTree = "<group>"; };
		857DC8C625F7DCC30056FBD1 /* NavigationController.swift */ = {isa = PBXFileReference; lastKnownFileType = sourcecode.swift; path = NavigationController.swift; sourceTree = "<group>"; };
		857DC8CA25F7DDC60056FBD1 /* AppViewModel.swift */ = {isa = PBXFileReference; lastKnownFileType = sourcecode.swift; path = AppViewModel.swift; sourceTree = "<group>"; };
		857DC8CE25F7E1470056FBD1 /* ObsarvableType+.swift */ = {isa = PBXFileReference; lastKnownFileType = sourcecode.swift; path = "ObsarvableType+.swift"; sourceTree = "<group>"; };
		85AC482225F65E3C00E17326 /* SignInViewController.swift */ = {isa = PBXFileReference; lastKnownFileType = sourcecode.swift; path = SignInViewController.swift; sourceTree = "<group>"; };
		85AC482725F65E4A00E17326 /* SignInViewModel.swift */ = {isa = PBXFileReference; lastKnownFileType = sourcecode.swift; path = SignInViewModel.swift; sourceTree = "<group>"; };
		85AC482D25F65E8500E17326 /* ViewController.swift */ = {isa = PBXFileReference; lastKnownFileType = sourcecode.swift; path = ViewController.swift; sourceTree = "<group>"; };
		85AC483225F65FAD00E17326 /* ViewModel.swift */ = {isa = PBXFileReference; lastKnownFileType = sourcecode.swift; path = ViewModel.swift; sourceTree = "<group>"; };
		85AC483725F661C600E17326 /* SignInView.swift */ = {isa = PBXFileReference; lastKnownFileType = sourcecode.swift; path = SignInView.swift; sourceTree = "<group>"; };
		85AC483E25F661EE00E17326 /* NiblessNavigationController.swift */ = {isa = PBXFileReference; fileEncoding = 4; lastKnownFileType = sourcecode.swift; path = NiblessNavigationController.swift; sourceTree = "<group>"; };
		85AC483F25F661EE00E17326 /* View.swift */ = {isa = PBXFileReference; fileEncoding = 4; lastKnownFileType = sourcecode.swift; path = View.swift; sourceTree = "<group>"; };
		85AC484025F661EE00E17326 /* NiblessPageViewController.swift */ = {isa = PBXFileReference; fileEncoding = 4; lastKnownFileType = sourcecode.swift; path = NiblessPageViewController.swift; sourceTree = "<group>"; };
		85B1087825F7EFD4007C1E43 /* View+.swift */ = {isa = PBXFileReference; lastKnownFileType = sourcecode.swift; path = "View+.swift"; sourceTree = "<group>"; };
		85B1087D25F7F0A7007C1E43 /* Viewable.swift */ = {isa = PBXFileReference; lastKnownFileType = sourcecode.swift; path = Viewable.swift; sourceTree = "<group>"; };
		85B1088825F7F290007C1E43 /* Dimension.swift */ = {isa = PBXFileReference; lastKnownFileType = sourcecode.swift; path = Dimension.swift; sourceTree = "<group>"; };
		B30478ADE6C99E109C2E13B3 /* Pods-Evmo-EvmoUITests.release.xcconfig */ = {isa = PBXFileReference; includeInIndex = 1; lastKnownFileType = text.xcconfig; name = "Pods-Evmo-EvmoUITests.release.xcconfig"; path = "Target Support Files/Pods-Evmo-EvmoUITests/Pods-Evmo-EvmoUITests.release.xcconfig"; sourceTree = "<group>"; };
		D94CBAC1FC7A90DF492BCE6C /* Pods-Evmo-EvmoUITests.debug.xcconfig */ = {isa = PBXFileReference; includeInIndex = 1; lastKnownFileType = text.xcconfig; name = "Pods-Evmo-EvmoUITests.debug.xcconfig"; path = "Target Support Files/Pods-Evmo-EvmoUITests/Pods-Evmo-EvmoUITests.debug.xcconfig"; sourceTree = "<group>"; };
		DA2D747AC813B237B1EFB3E8 /* Pods_Evmo_EvmoUITests.framework */ = {isa = PBXFileReference; explicitFileType = wrapper.framework; includeInIndex = 0; path = Pods_Evmo_EvmoUITests.framework; sourceTree = BUILT_PRODUCTS_DIR; };
/* End PBXFileReference section */

/* Begin PBXFrameworksBuildPhase section */
		85263C7725D48C520011743F /* Frameworks */ = {
			isa = PBXFrameworksBuildPhase;
			buildActionMask = 2147483647;
			files = (
				7EECAE9C5EE65B3E11CFCBF7 /* Pods_Evmo.framework in Frameworks */,
			);
			runOnlyForDeploymentPostprocessing = 0;
		};
		85263C8D25D48C550011743F /* Frameworks */ = {
			isa = PBXFrameworksBuildPhase;
			buildActionMask = 2147483647;
			files = (
				93011AA936DADB0C10596CA0 /* Pods_EvmoTests.framework in Frameworks */,
			);
			runOnlyForDeploymentPostprocessing = 0;
		};
		85263C9825D48C550011743F /* Frameworks */ = {
			isa = PBXFrameworksBuildPhase;
			buildActionMask = 2147483647;
			files = (
				3EE1DE73073035978E7CB369 /* Pods_Evmo_EvmoUITests.framework in Frameworks */,
			);
			runOnlyForDeploymentPostprocessing = 0;
		};
/* End PBXFrameworksBuildPhase section */

/* Begin PBXGroup section */
		850CBBE325F560EA0062A550 /* UseCase */ = {
			isa = PBXGroup;
			children = (
				850CBBE425F561010062A550 /* UseCaseProviderImpl.swift */,
				850CBBEC25F5611D0062A550 /* AuthUseCaseImpl.swift */,
			);
			path = UseCase;
			sourceTree = "<group>";
		};
		85263C7125D48C520011743F = {
			isa = PBXGroup;
			children = (
				85263C7C25D48C520011743F /* Evmo */,
				85263C9325D48C550011743F /* EvmoTests */,
				85263C9E25D48C550011743F /* EvmoUITests */,
				85263C7B25D48C520011743F /* Products */,
				BBDA85995C55AD62896A5A9E /* Pods */,
				FDC0B0514445DD72BE50A003 /* Frameworks */,
			);
			sourceTree = "<group>";
		};
		85263C7B25D48C520011743F /* Products */ = {
			isa = PBXGroup;
			children = (
				85263C7A25D48C520011743F /* Evmo.app */,
				85263C9025D48C550011743F /* EvmoTests.xctest */,
				85263C9B25D48C550011743F /* EvmoUITests.xctest */,
			);
			name = Products;
			sourceTree = "<group>";
		};
		85263C7C25D48C520011743F /* Evmo */ = {
			isa = PBXGroup;
			children = (
				85F3D13A25D4927D00633431 /* Application */,
				8571487125F22DFF00ADCABC /* Managers */,
				8571487025F22DF000ADCABC /* Common */,
				85F3D13725D491B800633431 /* Presentation */,
				85F3D13925D4923000633431 /* Domain */,
				85F3D13825D4922700633431 /* Data */,
				857148AA25F2475B00ADCABC /* Resources */,
			);
			path = Evmo;
			sourceTree = "<group>";
		};
		85263C9325D48C550011743F /* EvmoTests */ = {
			isa = PBXGroup;
			children = (
				85263C9425D48C550011743F /* EvmoTests.swift */,
				85263C9625D48C550011743F /* Info.plist */,
			);
			path = EvmoTests;
			sourceTree = "<group>";
		};
		85263C9E25D48C550011743F /* EvmoUITests */ = {
			isa = PBXGroup;
			children = (
				85263C9F25D48C550011743F /* EvmoUITests.swift */,
				85263CA125D48C550011743F /* Info.plist */,
			);
			path = EvmoUITests;
			sourceTree = "<group>";
		};
		855C699025F90BE0001812DF /* SignIn */ = {
			isa = PBXGroup;
			children = (
			);
			path = SignIn;
			sourceTree = "<group>";
		};
		855C699125F90BE9001812DF /* LogOut */ = {
			isa = PBXGroup;
			children = (
			);
			path = LogOut;
			sourceTree = "<group>";
		};
		8571487025F22DF000ADCABC /* Common */ = {
			isa = PBXGroup;
			children = (
				85B1088725F7F274007C1E43 /* Dimension */,
				85AC482C25F65E6E00E17326 /* UI */,
				8571490125F281D200ADCABC /* Extension */,
			);
			path = Common;
			sourceTree = "<group>";
		};
		8571487125F22DFF00ADCABC /* Managers */ = {
			isa = PBXGroup;
			children = (
				8571487225F22E1E00ADCABC /* LibsManager.swift */,
				8571488225F2348C00ADCABC /* LogManager.swift */,
			);
			path = Managers;
			sourceTree = "<group>";
		};
		857148A625F2455100ADCABC /* Home */ = {
			isa = PBXGroup;
			children = (
			);
			path = Home;
			sourceTree = "<group>";
		};
		857148AA25F2475B00ADCABC /* Resources */ = {
			isa = PBXGroup;
			children = (
				85263C8825D48C550011743F /* LaunchScreen.storyboard */,
				85263C8B25D48C550011743F /* Info.plist */,
				85263C8625D48C550011743F /* Assets.xcassets */,
			);
			path = Resources;
			sourceTree = "<group>";
		};
		857148C125F2523B00ADCABC /* Entity */ = {
			isa = PBXGroup;
			children = (
				857148C225F2527600ADCABC /* User.swift */,
			);
			path = Entity;
			sourceTree = "<group>";
		};
		857148C825F2551600ADCABC /* Model */ = {
			isa = PBXGroup;
			children = (
			);
			path = Model;
			sourceTree = "<group>";
		};
		857148C925F257F200ADCABC /* UseCase */ = {
			isa = PBXGroup;
			children = (
				850CBBD625F55FD30062A550 /* UseCaseProvider.swift */,
				850CBBDB25F55FE80062A550 /* AuthUseCase.swift */,
			);
			path = UseCase;
			sourceTree = "<group>";
		};
		857148CA25F2582C00ADCABC /* Local */ = {
			isa = PBXGroup;
			children = (
				857148FC25F280CD00ADCABC /* SessionManager.swift */,
			);
			path = Local;
			sourceTree = "<group>";
		};
		857148CB25F25A9400ADCABC /* Repository */ = {
			isa = PBXGroup;
			children = (
				8571490B25F2832900ADCABC /* AuthRepository.swift */,
			);
			path = Repository;
			sourceTree = "<group>";
		};
		8571490125F281D200ADCABC /* Extension */ = {
			isa = PBXGroup;
			children = (
				857DC8D225F7E1560056FBD1 /* Rx */,
				8571490225F281D900ADCABC /* Foundation */,
			);
			path = Extension;
			sourceTree = "<group>";
		};
		8571490225F281D900ADCABC /* Foundation */ = {
			isa = PBXGroup;
			children = (
				8571490325F281F500ADCABC /* Optional+NotNil.swift */,
				85B1087825F7EFD4007C1E43 /* View+.swift */,
			);
			path = Foundation;
			sourceTree = "<group>";
		};
		857DC8D225F7E1560056FBD1 /* Rx */ = {
			isa = PBXGroup;
			children = (
				857DC8CE25F7E1470056FBD1 /* ObsarvableType+.swift */,
			);
			path = Rx;
			sourceTree = "<group>";
		};
		85AC482125F65DF300E17326 /* SignUp */ = {
			isa = PBXGroup;
			children = (
				85AC482225F65E3C00E17326 /* SignInViewController.swift */,
				85AC482725F65E4A00E17326 /* SignInViewModel.swift */,
				85AC483725F661C600E17326 /* SignInView.swift */,
			);
			path = SignUp;
			sourceTree = "<group>";
		};
		85AC482C25F65E6E00E17326 /* UI */ = {
			isa = PBXGroup;
			children = (
				85AC483C25F661E100E17326 /* NiblessComponents */,
				85AC482D25F65E8500E17326 /* ViewController.swift */,
				85AC483225F65FAD00E17326 /* ViewModel.swift */,
				85AC483F25F661EE00E17326 /* View.swift */,
				857DC8C625F7DCC30056FBD1 /* NavigationController.swift */,
				85B1087D25F7F0A7007C1E43 /* Viewable.swift */,
			);
			path = UI;
			sourceTree = "<group>";
		};
		85AC483C25F661E100E17326 /* NiblessComponents */ = {
			isa = PBXGroup;
			children = (
				85AC483E25F661EE00E17326 /* NiblessNavigationController.swift */,
				85AC484025F661EE00E17326 /* NiblessPageViewController.swift */,
			);
			path = NiblessComponents;
			sourceTree = "<group>";
		};
		85B1088725F7F274007C1E43 /* Dimension */ = {
			isa = PBXGroup;
			children = (
				85B1088825F7F290007C1E43 /* Dimension.swift */,
			);
			path = Dimension;
			sourceTree = "<group>";
		};
		85F3D13725D491B800633431 /* Presentation */ = {
			isa = PBXGroup;
			children = (
				855C699125F90BE9001812DF /* LogOut */,
				855C699025F90BE0001812DF /* SignIn */,
				85AC482125F65DF300E17326 /* SignUp */,
				857148A625F2455100ADCABC /* Home */,
			);
			path = Presentation;
			sourceTree = "<group>";
		};
		85F3D13825D4922700633431 /* Data */ = {
			isa = PBXGroup;
			children = (
				850CBBE325F560EA0062A550 /* UseCase */,
				857148CB25F25A9400ADCABC /* Repository */,
				857148C125F2523B00ADCABC /* Entity */,
				857148CA25F2582C00ADCABC /* Local */,
			);
			path = Data;
			sourceTree = "<group>";
		};
		85F3D13925D4923000633431 /* Domain */ = {
			isa = PBXGroup;
			children = (
				857148C925F257F200ADCABC /* UseCase */,
				857148C825F2551600ADCABC /* Model */,
			);
			path = Domain;
			sourceTree = "<group>";
		};
		85F3D13A25D4927D00633431 /* Application */ = {
			isa = PBXGroup;
			children = (
				85263C7D25D48C520011743F /* AppDelegate.swift */,
				85263C7F25D48C520011743F /* SceneDelegate.swift */,
				850CBBF125F5679F0062A550 /* Navigator.swift */,
				857148AE25F248DE00ADCABC /* Application.swift */,
				857DC8CA25F7DDC60056FBD1 /* AppViewModel.swift */,
			);
			path = Application;
			sourceTree = "<group>";
		};
		BBDA85995C55AD62896A5A9E /* Pods */ = {
			isa = PBXGroup;
			children = (
				008D9B6B65BCA8AE8630EE04 /* Pods-Evmo.debug.xcconfig */,
				16711D53AF51EB1ECF39C20A /* Pods-Evmo.release.xcconfig */,
				D94CBAC1FC7A90DF492BCE6C /* Pods-Evmo-EvmoUITests.debug.xcconfig */,
				B30478ADE6C99E109C2E13B3 /* Pods-Evmo-EvmoUITests.release.xcconfig */,
				6B3DF595E186E4D2B5325398 /* Pods-EvmoTests.debug.xcconfig */,
				7931D105C93B0466A84B1412 /* Pods-EvmoTests.release.xcconfig */,
			);
			path = Pods;
			sourceTree = "<group>";
		};
		FDC0B0514445DD72BE50A003 /* Frameworks */ = {
			isa = PBXGroup;
			children = (
				42A2E8DDA5AC1E7C630D7DD4 /* Pods_Evmo.framework */,
				DA2D747AC813B237B1EFB3E8 /* Pods_Evmo_EvmoUITests.framework */,
				6CEBA57603466A3C054DB389 /* Pods_EvmoTests.framework */,
			);
			name = Frameworks;
			sourceTree = "<group>";
		};
/* End PBXGroup section */

/* Begin PBXNativeTarget section */
		85263C7925D48C520011743F /* Evmo */ = {
			isa = PBXNativeTarget;
			buildConfigurationList = 85263CA425D48C550011743F /* Build configuration list for PBXNativeTarget "Evmo" */;
			buildPhases = (
				C456E949FD4BEF09793464B7 /* [CP] Check Pods Manifest.lock */,
				85263C7625D48C520011743F /* Sources */,
				85263C7725D48C520011743F /* Frameworks */,
				85263C7825D48C520011743F /* Resources */,
				857DC8C325F7DBC80056FBD1 /* Embed Frameworks */,
				DD49B5B34D87DE23AF9925C9 /* [CP] Embed Pods Frameworks */,
			);
			buildRules = (
			);
			dependencies = (
			);
			name = Evmo;
			productName = Evmo;
			productReference = 85263C7A25D48C520011743F /* Evmo.app */;
			productType = "com.apple.product-type.application";
		};
		85263C8F25D48C550011743F /* EvmoTests */ = {
			isa = PBXNativeTarget;
			buildConfigurationList = 85263CA725D48C550011743F /* Build configuration list for PBXNativeTarget "EvmoTests" */;
			buildPhases = (
				9D00DB03FD1A2F5D1A770BE2 /* [CP] Check Pods Manifest.lock */,
				85263C8C25D48C550011743F /* Sources */,
				85263C8D25D48C550011743F /* Frameworks */,
				85263C8E25D48C550011743F /* Resources */,
			);
			buildRules = (
			);
			dependencies = (
				85263C9225D48C550011743F /* PBXTargetDependency */,
			);
			name = EvmoTests;
			productName = EvmoTests;
			productReference = 85263C9025D48C550011743F /* EvmoTests.xctest */;
			productType = "com.apple.product-type.bundle.unit-test";
		};
		85263C9A25D48C550011743F /* EvmoUITests */ = {
			isa = PBXNativeTarget;
			buildConfigurationList = 85263CAA25D48C550011743F /* Build configuration list for PBXNativeTarget "EvmoUITests" */;
			buildPhases = (
				F19BCC71FD0FCA0FA7432AFC /* [CP] Check Pods Manifest.lock */,
				85263C9725D48C550011743F /* Sources */,
				85263C9825D48C550011743F /* Frameworks */,
				85263C9925D48C550011743F /* Resources */,
				7AB34201F9DC3C8FAFC863D1 /* [CP] Embed Pods Frameworks */,
			);
			buildRules = (
			);
			dependencies = (
				85263C9D25D48C550011743F /* PBXTargetDependency */,
			);
			name = EvmoUITests;
			productName = EvmoUITests;
			productReference = 85263C9B25D48C550011743F /* EvmoUITests.xctest */;
			productType = "com.apple.product-type.bundle.ui-testing";
		};
/* End PBXNativeTarget section */

/* Begin PBXProject section */
		85263C7225D48C520011743F /* Project object */ = {
			isa = PBXProject;
			attributes = {
				LastSwiftUpdateCheck = 1240;
				LastUpgradeCheck = 1240;
				TargetAttributes = {
					85263C7925D48C520011743F = {
						CreatedOnToolsVersion = 12.4;
					};
					85263C8F25D48C550011743F = {
						CreatedOnToolsVersion = 12.4;
						TestTargetID = 85263C7925D48C520011743F;
					};
					85263C9A25D48C550011743F = {
						CreatedOnToolsVersion = 12.4;
						TestTargetID = 85263C7925D48C520011743F;
					};
				};
			};
			buildConfigurationList = 85263C7525D48C520011743F /* Build configuration list for PBXProject "Evmo" */;
			compatibilityVersion = "Xcode 9.3";
			developmentRegion = en;
			hasScannedForEncodings = 0;
			knownRegions = (
				en,
				Base,
			);
			mainGroup = 85263C7125D48C520011743F;
			productRefGroup = 85263C7B25D48C520011743F /* Products */;
			projectDirPath = "";
			projectRoot = "";
			targets = (
				85263C7925D48C520011743F /* Evmo */,
				85263C8F25D48C550011743F /* EvmoTests */,
				85263C9A25D48C550011743F /* EvmoUITests */,
			);
		};
/* End PBXProject section */

/* Begin PBXResourcesBuildPhase section */
		85263C7825D48C520011743F /* Resources */ = {
			isa = PBXResourcesBuildPhase;
			buildActionMask = 2147483647;
			files = (
				85263C8A25D48C550011743F /* LaunchScreen.storyboard in Resources */,
				85263C8725D48C550011743F /* Assets.xcassets in Resources */,
			);
			runOnlyForDeploymentPostprocessing = 0;
		};
		85263C8E25D48C550011743F /* Resources */ = {
			isa = PBXResourcesBuildPhase;
			buildActionMask = 2147483647;
			files = (
			);
			runOnlyForDeploymentPostprocessing = 0;
		};
		85263C9925D48C550011743F /* Resources */ = {
			isa = PBXResourcesBuildPhase;
			buildActionMask = 2147483647;
			files = (
			);
			runOnlyForDeploymentPostprocessing = 0;
		};
/* End PBXResourcesBuildPhase section */

/* Begin PBXShellScriptBuildPhase section */
		7AB34201F9DC3C8FAFC863D1 /* [CP] Embed Pods Frameworks */ = {
			isa = PBXShellScriptBuildPhase;
			buildActionMask = 2147483647;
			files = (
			);
			inputFileListPaths = (
				"${PODS_ROOT}/Target Support Files/Pods-Evmo-EvmoUITests/Pods-Evmo-EvmoUITests-frameworks-${CONFIGURATION}-input-files.xcfilelist",
			);
			name = "[CP] Embed Pods Frameworks";
			outputFileListPaths = (
				"${PODS_ROOT}/Target Support Files/Pods-Evmo-EvmoUITests/Pods-Evmo-EvmoUITests-frameworks-${CONFIGURATION}-output-files.xcfilelist",
			);
			runOnlyForDeploymentPostprocessing = 0;
			shellPath = /bin/sh;
			shellScript = "\"${PODS_ROOT}/Target Support Files/Pods-Evmo-EvmoUITests/Pods-Evmo-EvmoUITests-frameworks.sh\"\n";
			showEnvVarsInLog = 0;
		};
		9D00DB03FD1A2F5D1A770BE2 /* [CP] Check Pods Manifest.lock */ = {
			isa = PBXShellScriptBuildPhase;
			buildActionMask = 2147483647;
			files = (
			);
			inputFileListPaths = (
			);
			inputPaths = (
				"${PODS_PODFILE_DIR_PATH}/Podfile.lock",
				"${PODS_ROOT}/Manifest.lock",
			);
			name = "[CP] Check Pods Manifest.lock";
			outputFileListPaths = (
			);
			outputPaths = (
				"$(DERIVED_FILE_DIR)/Pods-EvmoTests-checkManifestLockResult.txt",
			);
			runOnlyForDeploymentPostprocessing = 0;
			shellPath = /bin/sh;
			shellScript = "diff \"${PODS_PODFILE_DIR_PATH}/Podfile.lock\" \"${PODS_ROOT}/Manifest.lock\" > /dev/null\nif [ $? != 0 ] ; then\n    # print error to STDERR\n    echo \"error: The sandbox is not in sync with the Podfile.lock. Run 'pod install' or update your CocoaPods installation.\" >&2\n    exit 1\nfi\n# This output is used by Xcode 'outputs' to avoid re-running this script phase.\necho \"SUCCESS\" > \"${SCRIPT_OUTPUT_FILE_0}\"\n";
			showEnvVarsInLog = 0;
		};
		C456E949FD4BEF09793464B7 /* [CP] Check Pods Manifest.lock */ = {
			isa = PBXShellScriptBuildPhase;
			buildActionMask = 2147483647;
			files = (
			);
			inputFileListPaths = (
			);
			inputPaths = (
				"${PODS_PODFILE_DIR_PATH}/Podfile.lock",
				"${PODS_ROOT}/Manifest.lock",
			);
			name = "[CP] Check Pods Manifest.lock";
			outputFileListPaths = (
			);
			outputPaths = (
				"$(DERIVED_FILE_DIR)/Pods-Evmo-checkManifestLockResult.txt",
			);
			runOnlyForDeploymentPostprocessing = 0;
			shellPath = /bin/sh;
			shellScript = "diff \"${PODS_PODFILE_DIR_PATH}/Podfile.lock\" \"${PODS_ROOT}/Manifest.lock\" > /dev/null\nif [ $? != 0 ] ; then\n    # print error to STDERR\n    echo \"error: The sandbox is not in sync with the Podfile.lock. Run 'pod install' or update your CocoaPods installation.\" >&2\n    exit 1\nfi\n# This output is used by Xcode 'outputs' to avoid re-running this script phase.\necho \"SUCCESS\" > \"${SCRIPT_OUTPUT_FILE_0}\"\n";
			showEnvVarsInLog = 0;
		};
		DD49B5B34D87DE23AF9925C9 /* [CP] Embed Pods Frameworks */ = {
			isa = PBXShellScriptBuildPhase;
			buildActionMask = 2147483647;
			files = (
			);
			inputFileListPaths = (
				"${PODS_ROOT}/Target Support Files/Pods-Evmo/Pods-Evmo-frameworks-${CONFIGURATION}-input-files.xcfilelist",
			);
			name = "[CP] Embed Pods Frameworks";
			outputFileListPaths = (
				"${PODS_ROOT}/Target Support Files/Pods-Evmo/Pods-Evmo-frameworks-${CONFIGURATION}-output-files.xcfilelist",
			);
			runOnlyForDeploymentPostprocessing = 0;
			shellPath = /bin/sh;
			shellScript = "\"${PODS_ROOT}/Target Support Files/Pods-Evmo/Pods-Evmo-frameworks.sh\"\n";
			showEnvVarsInLog = 0;
		};
		F19BCC71FD0FCA0FA7432AFC /* [CP] Check Pods Manifest.lock */ = {
			isa = PBXShellScriptBuildPhase;
			buildActionMask = 2147483647;
			files = (
			);
			inputFileListPaths = (
			);
			inputPaths = (
				"${PODS_PODFILE_DIR_PATH}/Podfile.lock",
				"${PODS_ROOT}/Manifest.lock",
			);
			name = "[CP] Check Pods Manifest.lock";
			outputFileListPaths = (
			);
			outputPaths = (
				"$(DERIVED_FILE_DIR)/Pods-Evmo-EvmoUITests-checkManifestLockResult.txt",
			);
			runOnlyForDeploymentPostprocessing = 0;
			shellPath = /bin/sh;
			shellScript = "diff \"${PODS_PODFILE_DIR_PATH}/Podfile.lock\" \"${PODS_ROOT}/Manifest.lock\" > /dev/null\nif [ $? != 0 ] ; then\n    # print error to STDERR\n    echo \"error: The sandbox is not in sync with the Podfile.lock. Run 'pod install' or update your CocoaPods installation.\" >&2\n    exit 1\nfi\n# This output is used by Xcode 'outputs' to avoid re-running this script phase.\necho \"SUCCESS\" > \"${SCRIPT_OUTPUT_FILE_0}\"\n";
			showEnvVarsInLog = 0;
		};
/* End PBXShellScriptBuildPhase section */

/* Begin PBXSourcesBuildPhase section */
		85263C7625D48C520011743F /* Sources */ = {
			isa = PBXSourcesBuildPhase;
			buildActionMask = 2147483647;
			files = (
				857DC8CB25F7DDC60056FBD1 /* AppViewModel.swift in Sources */,
				857148AF25F248DE00ADCABC /* Application.swift in Sources */,
				857DC8C725F7DCC30056FBD1 /* NavigationController.swift in Sources */,
				85AC484325F661EE00E17326 /* View.swift in Sources */,
				85B1088925F7F290007C1E43 /* Dimension.swift in Sources */,
				85B1087E25F7F0A7007C1E43 /* Viewable.swift in Sources */,
				85B1087925F7EFD4007C1E43 /* View+.swift in Sources */,
				8571490425F281F500ADCABC /* Optional+NotNil.swift in Sources */,
				857148FD25F280CD00ADCABC /* SessionManager.swift in Sources */,
				8571488325F2348C00ADCABC /* LogManager.swift in Sources */,
				85AC484425F661EE00E17326 /* NiblessPageViewController.swift in Sources */,
				8571487325F22E1E00ADCABC /* LibsManager.swift in Sources */,
				850CBBD725F55FD30062A550 /* UseCaseProvider.swift in Sources */,
				850CBBDC25F55FE80062A550 /* AuthUseCase.swift in Sources */,
				85263C7E25D48C520011743F /* AppDelegate.swift in Sources */,
				85AC482825F65E4A00E17326 /* SignInViewModel.swift in Sources */,
				85263C8025D48C520011743F /* SceneDelegate.swift in Sources */,
				85AC483325F65FAD00E17326 /* ViewModel.swift in Sources */,
				8571490C25F2832900ADCABC /* AuthRepository.swift in Sources */,
				85AC484225F661EE00E17326 /* NiblessNavigationController.swift in Sources */,
				85AC482E25F65E8500E17326 /* ViewController.swift in Sources */,
				85AC483825F661C600E17326 /* SignInView.swift in Sources */,
				850CBBF225F5679F0062A550 /* Navigator.swift in Sources */,
				85AC482325F65E3C00E17326 /* SignInViewController.swift in Sources */,
				857DC8CF25F7E1470056FBD1 /* ObsarvableType+.swift in Sources */,
				850CBBED25F5611D0062A550 /* AuthUseCaseImpl.swift in Sources */,
				850CBBE525F561010062A550 /* UseCaseProviderImpl.swift in Sources */,
				857148C325F2527600ADCABC /* User.swift in Sources */,
			);
			runOnlyForDeploymentPostprocessing = 0;
		};
		85263C8C25D48C550011743F /* Sources */ = {
			isa = PBXSourcesBuildPhase;
			buildActionMask = 2147483647;
			files = (
				85263C9525D48C550011743F /* EvmoTests.swift in Sources */,
			);
			runOnlyForDeploymentPostprocessing = 0;
		};
		85263C9725D48C550011743F /* Sources */ = {
			isa = PBXSourcesBuildPhase;
			buildActionMask = 2147483647;
			files = (
				85263CA025D48C550011743F /* EvmoUITests.swift in Sources */,
			);
			runOnlyForDeploymentPostprocessing = 0;
		};
/* End PBXSourcesBuildPhase section */

/* Begin PBXTargetDependency section */
		85263C9225D48C550011743F /* PBXTargetDependency */ = {
			isa = PBXTargetDependency;
			target = 85263C7925D48C520011743F /* Evmo */;
			targetProxy = 85263C9125D48C550011743F /* PBXContainerItemProxy */;
		};
		85263C9D25D48C550011743F /* PBXTargetDependency */ = {
			isa = PBXTargetDependency;
			target = 85263C7925D48C520011743F /* Evmo */;
			targetProxy = 85263C9C25D48C550011743F /* PBXContainerItemProxy */;
		};
/* End PBXTargetDependency section */

/* Begin PBXVariantGroup section */
		85263C8825D48C550011743F /* LaunchScreen.storyboard */ = {
			isa = PBXVariantGroup;
			children = (
				85263C8925D48C550011743F /* Base */,
			);
			name = LaunchScreen.storyboard;
			sourceTree = "<group>";
		};
/* End PBXVariantGroup section */

/* Begin XCBuildConfiguration section */
		85263CA225D48C550011743F /* Debug */ = {
			isa = XCBuildConfiguration;
			buildSettings = {
				ALWAYS_SEARCH_USER_PATHS = NO;
				CLANG_ANALYZER_NONNULL = YES;
				CLANG_ANALYZER_NUMBER_OBJECT_CONVERSION = YES_AGGRESSIVE;
				CLANG_CXX_LANGUAGE_STANDARD = "gnu++14";
				CLANG_CXX_LIBRARY = "libc++";
				CLANG_ENABLE_MODULES = YES;
				CLANG_ENABLE_OBJC_ARC = YES;
				CLANG_ENABLE_OBJC_WEAK = YES;
				CLANG_WARN_BLOCK_CAPTURE_AUTORELEASING = YES;
				CLANG_WARN_BOOL_CONVERSION = YES;
				CLANG_WARN_COMMA = YES;
				CLANG_WARN_CONSTANT_CONVERSION = YES;
				CLANG_WARN_DEPRECATED_OBJC_IMPLEMENTATIONS = YES;
				CLANG_WARN_DIRECT_OBJC_ISA_USAGE = YES_ERROR;
				CLANG_WARN_DOCUMENTATION_COMMENTS = YES;
				CLANG_WARN_EMPTY_BODY = YES;
				CLANG_WARN_ENUM_CONVERSION = YES;
				CLANG_WARN_INFINITE_RECURSION = YES;
				CLANG_WARN_INT_CONVERSION = YES;
				CLANG_WARN_NON_LITERAL_NULL_CONVERSION = YES;
				CLANG_WARN_OBJC_IMPLICIT_RETAIN_SELF = YES;
				CLANG_WARN_OBJC_LITERAL_CONVERSION = YES;
				CLANG_WARN_OBJC_ROOT_CLASS = YES_ERROR;
				CLANG_WARN_QUOTED_INCLUDE_IN_FRAMEWORK_HEADER = YES;
				CLANG_WARN_RANGE_LOOP_ANALYSIS = YES;
				CLANG_WARN_STRICT_PROTOTYPES = YES;
				CLANG_WARN_SUSPICIOUS_MOVE = YES;
				CLANG_WARN_UNGUARDED_AVAILABILITY = YES_AGGRESSIVE;
				CLANG_WARN_UNREACHABLE_CODE = YES;
				CLANG_WARN__DUPLICATE_METHOD_MATCH = YES;
				COPY_PHASE_STRIP = NO;
				DEBUG_INFORMATION_FORMAT = dwarf;
				ENABLE_STRICT_OBJC_MSGSEND = YES;
				ENABLE_TESTABILITY = YES;
				GCC_C_LANGUAGE_STANDARD = gnu11;
				GCC_DYNAMIC_NO_PIC = NO;
				GCC_NO_COMMON_BLOCKS = YES;
				GCC_OPTIMIZATION_LEVEL = 0;
				GCC_PREPROCESSOR_DEFINITIONS = (
					"DEBUG=1",
					"$(inherited)",
				);
				GCC_WARN_64_TO_32_BIT_CONVERSION = YES;
				GCC_WARN_ABOUT_RETURN_TYPE = YES_ERROR;
				GCC_WARN_UNDECLARED_SELECTOR = YES;
				GCC_WARN_UNINITIALIZED_AUTOS = YES_AGGRESSIVE;
				GCC_WARN_UNUSED_FUNCTION = YES;
				GCC_WARN_UNUSED_VARIABLE = YES;
				IPHONEOS_DEPLOYMENT_TARGET = 14.4;
				MTL_ENABLE_DEBUG_INFO = INCLUDE_SOURCE;
				MTL_FAST_MATH = YES;
				ONLY_ACTIVE_ARCH = YES;
				SDKROOT = iphoneos;
				SWIFT_ACTIVE_COMPILATION_CONDITIONS = DEBUG;
				SWIFT_OPTIMIZATION_LEVEL = "-Onone";
			};
			name = Debug;
		};
		85263CA325D48C550011743F /* Release */ = {
			isa = XCBuildConfiguration;
			buildSettings = {
				ALWAYS_SEARCH_USER_PATHS = NO;
				CLANG_ANALYZER_NONNULL = YES;
				CLANG_ANALYZER_NUMBER_OBJECT_CONVERSION = YES_AGGRESSIVE;
				CLANG_CXX_LANGUAGE_STANDARD = "gnu++14";
				CLANG_CXX_LIBRARY = "libc++";
				CLANG_ENABLE_MODULES = YES;
				CLANG_ENABLE_OBJC_ARC = YES;
				CLANG_ENABLE_OBJC_WEAK = YES;
				CLANG_WARN_BLOCK_CAPTURE_AUTORELEASING = YES;
				CLANG_WARN_BOOL_CONVERSION = YES;
				CLANG_WARN_COMMA = YES;
				CLANG_WARN_CONSTANT_CONVERSION = YES;
				CLANG_WARN_DEPRECATED_OBJC_IMPLEMENTATIONS = YES;
				CLANG_WARN_DIRECT_OBJC_ISA_USAGE = YES_ERROR;
				CLANG_WARN_DOCUMENTATION_COMMENTS = YES;
				CLANG_WARN_EMPTY_BODY = YES;
				CLANG_WARN_ENUM_CONVERSION = YES;
				CLANG_WARN_INFINITE_RECURSION = YES;
				CLANG_WARN_INT_CONVERSION = YES;
				CLANG_WARN_NON_LITERAL_NULL_CONVERSION = YES;
				CLANG_WARN_OBJC_IMPLICIT_RETAIN_SELF = YES;
				CLANG_WARN_OBJC_LITERAL_CONVERSION = YES;
				CLANG_WARN_OBJC_ROOT_CLASS = YES_ERROR;
				CLANG_WARN_QUOTED_INCLUDE_IN_FRAMEWORK_HEADER = YES;
				CLANG_WARN_RANGE_LOOP_ANALYSIS = YES;
				CLANG_WARN_STRICT_PROTOTYPES = YES;
				CLANG_WARN_SUSPICIOUS_MOVE = YES;
				CLANG_WARN_UNGUARDED_AVAILABILITY = YES_AGGRESSIVE;
				CLANG_WARN_UNREACHABLE_CODE = YES;
				CLANG_WARN__DUPLICATE_METHOD_MATCH = YES;
				COPY_PHASE_STRIP = NO;
				DEBUG_INFORMATION_FORMAT = "dwarf-with-dsym";
				ENABLE_NS_ASSERTIONS = NO;
				ENABLE_STRICT_OBJC_MSGSEND = YES;
				GCC_C_LANGUAGE_STANDARD = gnu11;
				GCC_NO_COMMON_BLOCKS = YES;
				GCC_WARN_64_TO_32_BIT_CONVERSION = YES;
				GCC_WARN_ABOUT_RETURN_TYPE = YES_ERROR;
				GCC_WARN_UNDECLARED_SELECTOR = YES;
				GCC_WARN_UNINITIALIZED_AUTOS = YES_AGGRESSIVE;
				GCC_WARN_UNUSED_FUNCTION = YES;
				GCC_WARN_UNUSED_VARIABLE = YES;
				IPHONEOS_DEPLOYMENT_TARGET = 14.4;
				MTL_ENABLE_DEBUG_INFO = NO;
				MTL_FAST_MATH = YES;
				SDKROOT = iphoneos;
				SWIFT_COMPILATION_MODE = wholemodule;
				SWIFT_OPTIMIZATION_LEVEL = "-O";
				VALIDATE_PRODUCT = YES;
			};
			name = Release;
		};
		85263CA525D48C550011743F /* Debug */ = {
			isa = XCBuildConfiguration;
			baseConfigurationReference = 008D9B6B65BCA8AE8630EE04 /* Pods-Evmo.debug.xcconfig */;
			buildSettings = {
				ASSETCATALOG_COMPILER_APPICON_NAME = AppIcon;
				ASSETCATALOG_COMPILER_GLOBAL_ACCENT_COLOR_NAME = AccentColor;
				CODE_SIGN_STYLE = Automatic;
				DEVELOPMENT_TEAM = Y7693M9CNF;
				INFOPLIST_FILE = Evmo/Resources/Info.plist;
				LD_RUNPATH_SEARCH_PATHS = (
					"$(inherited)",
					"@executable_path/Frameworks",
				);
				PRODUCT_BUNDLE_IDENTIFIER = online.test.Evmo;
				PRODUCT_NAME = "$(TARGET_NAME)";
				SWIFT_VERSION = 5.0;
				TARGETED_DEVICE_FAMILY = "1,2";
			};
			name = Debug;
		};
		85263CA625D48C550011743F /* Release */ = {
			isa = XCBuildConfiguration;
			baseConfigurationReference = 16711D53AF51EB1ECF39C20A /* Pods-Evmo.release.xcconfig */;
			buildSettings = {
				ASSETCATALOG_COMPILER_APPICON_NAME = AppIcon;
				ASSETCATALOG_COMPILER_GLOBAL_ACCENT_COLOR_NAME = AccentColor;
				CODE_SIGN_STYLE = Automatic;
				DEVELOPMENT_TEAM = Y7693M9CNF;
				INFOPLIST_FILE = Evmo/Resources/Info.plist;
				LD_RUNPATH_SEARCH_PATHS = (
					"$(inherited)",
					"@executable_path/Frameworks",
				);
				PRODUCT_BUNDLE_IDENTIFIER = online.test.Evmo;
				PRODUCT_NAME = "$(TARGET_NAME)";
				SWIFT_VERSION = 5.0;
				TARGETED_DEVICE_FAMILY = "1,2";
			};
			name = Release;
		};
		85263CA825D48C550011743F /* Debug */ = {
			isa = XCBuildConfiguration;
			baseConfigurationReference = 6B3DF595E186E4D2B5325398 /* Pods-EvmoTests.debug.xcconfig */;
			buildSettings = {
				ALWAYS_EMBED_SWIFT_STANDARD_LIBRARIES = YES;
				BUNDLE_LOADER = "$(TEST_HOST)";
				CODE_SIGN_STYLE = Automatic;
				DEVELOPMENT_TEAM = Y7693M9CNF;
				INFOPLIST_FILE = EvmoTests/Info.plist;
				IPHONEOS_DEPLOYMENT_TARGET = 14.4;
				LD_RUNPATH_SEARCH_PATHS = (
					"$(inherited)",
					"@executable_path/Frameworks",
					"@loader_path/Frameworks",
				);
				PRODUCT_BUNDLE_IDENTIFIER = online.test.EvmoTests;
				PRODUCT_NAME = "$(TARGET_NAME)";
				SWIFT_VERSION = 5.0;
				TARGETED_DEVICE_FAMILY = "1,2";
				TEST_HOST = "$(BUILT_PRODUCTS_DIR)/Evmo.app/Evmo";
			};
			name = Debug;
		};
		85263CA925D48C550011743F /* Release */ = {
			isa = XCBuildConfiguration;
			baseConfigurationReference = 7931D105C93B0466A84B1412 /* Pods-EvmoTests.release.xcconfig */;
			buildSettings = {
				ALWAYS_EMBED_SWIFT_STANDARD_LIBRARIES = YES;
				BUNDLE_LOADER = "$(TEST_HOST)";
				CODE_SIGN_STYLE = Automatic;
				DEVELOPMENT_TEAM = Y7693M9CNF;
				INFOPLIST_FILE = EvmoTests/Info.plist;
				IPHONEOS_DEPLOYMENT_TARGET = 14.4;
				LD_RUNPATH_SEARCH_PATHS = (
					"$(inherited)",
					"@executable_path/Frameworks",
					"@loader_path/Frameworks",
				);
				PRODUCT_BUNDLE_IDENTIFIER = online.test.EvmoTests;
				PRODUCT_NAME = "$(TARGET_NAME)";
				SWIFT_VERSION = 5.0;
				TARGETED_DEVICE_FAMILY = "1,2";
				TEST_HOST = "$(BUILT_PRODUCTS_DIR)/Evmo.app/Evmo";
			};
			name = Release;
		};
		85263CAB25D48C550011743F /* Debug */ = {
			isa = XCBuildConfiguration;
			baseConfigurationReference = D94CBAC1FC7A90DF492BCE6C /* Pods-Evmo-EvmoUITests.debug.xcconfig */;
			buildSettings = {
				ALWAYS_EMBED_SWIFT_STANDARD_LIBRARIES = YES;
				CODE_SIGN_STYLE = Automatic;
				DEVELOPMENT_TEAM = Y7693M9CNF;
				INFOPLIST_FILE = EvmoUITests/Info.plist;
				LD_RUNPATH_SEARCH_PATHS = (
					"$(inherited)",
					"@executable_path/Frameworks",
					"@loader_path/Frameworks",
				);
				PRODUCT_BUNDLE_IDENTIFIER = online.test.EvmoUITests;
				PRODUCT_NAME = "$(TARGET_NAME)";
				SWIFT_VERSION = 5.0;
				TARGETED_DEVICE_FAMILY = "1,2";
				TEST_TARGET_NAME = Evmo;
			};
			name = Debug;
		};
		85263CAC25D48C550011743F /* Release */ = {
			isa = XCBuildConfiguration;
			baseConfigurationReference = B30478ADE6C99E109C2E13B3 /* Pods-Evmo-EvmoUITests.release.xcconfig */;
			buildSettings = {
				ALWAYS_EMBED_SWIFT_STANDARD_LIBRARIES = YES;
				CODE_SIGN_STYLE = Automatic;
				DEVELOPMENT_TEAM = Y7693M9CNF;
				INFOPLIST_FILE = EvmoUITests/Info.plist;
				LD_RUNPATH_SEARCH_PATHS = (
					"$(inherited)",
					"@executable_path/Frameworks",
					"@loader_path/Frameworks",
				);
				PRODUCT_BUNDLE_IDENTIFIER = online.test.EvmoUITests;
				PRODUCT_NAME = "$(TARGET_NAME)";
				SWIFT_VERSION = 5.0;
				TARGETED_DEVICE_FAMILY = "1,2";
				TEST_TARGET_NAME = Evmo;
			};
			name = Release;
		};
/* End XCBuildConfiguration section */

/* Begin XCConfigurationList section */
		85263C7525D48C520011743F /* Build configuration list for PBXProject "Evmo" */ = {
			isa = XCConfigurationList;
			buildConfigurations = (
				85263CA225D48C550011743F /* Debug */,
				85263CA325D48C550011743F /* Release */,
			);
			defaultConfigurationIsVisible = 0;
			defaultConfigurationName = Release;
		};
		85263CA425D48C550011743F /* Build configuration list for PBXNativeTarget "Evmo" */ = {
			isa = XCConfigurationList;
			buildConfigurations = (
				85263CA525D48C550011743F /* Debug */,
				85263CA625D48C550011743F /* Release */,
			);
			defaultConfigurationIsVisible = 0;
			defaultConfigurationName = Release;
		};
		85263CA725D48C550011743F /* Build configuration list for PBXNativeTarget "EvmoTests" */ = {
			isa = XCConfigurationList;
			buildConfigurations = (
				85263CA825D48C550011743F /* Debug */,
				85263CA925D48C550011743F /* Release */,
			);
			defaultConfigurationIsVisible = 0;
			defaultConfigurationName = Release;
		};
		85263CAA25D48C550011743F /* Build configuration list for PBXNativeTarget "EvmoUITests" */ = {
			isa = XCConfigurationList;
			buildConfigurations = (
				85263CAB25D48C550011743F /* Debug */,
				85263CAC25D48C550011743F /* Release */,
			);
			defaultConfigurationIsVisible = 0;
			defaultConfigurationName = Release;
		};
/* End XCConfigurationList section */
	};
	rootObject = 85263C7225D48C520011743F /* Project object */;
}
